
Microsoft Visual Studio Solution File, Format Version 12.00
# Visual Studio 15
VisualStudioVersion = 15.0.28010.2048
MinimumVisualStudioVersion = 10.0.40219.1
Project("{FAE04EC0-301F-11D3-BF4B-00C04F79EFBC}") = "Lab18", "Lab18\Lab18.csproj", "{3932E45A-C914-42B2-8FBA-4730C4E6EA5D}"
EndProject
Global
	GlobalSection(SolutionConfigurationPlatforms) = preSolution
		Debug|Any CPU = Debug|Any CPU
		Release|Any CPU = Release|Any CPU
	EndGlobalSection
	GlobalSection(ProjectConfigurationPlatforms) = postSolution
		{3932E45A-C914-42B2-8FBA-4730C4E6EA5D}.Debug|Any CPU.ActiveCfg = Debug|Any CPU
		{3932E45A-C914-42B2-8FBA-4730C4E6EA5D}.Debug|Any CPU.Build.0 = Debug|Any CPU
		{3932E45A-C914-42B2-8FBA-4730C4E6EA5D}.Release|Any CPU.ActiveCfg = Release|Any CPU
		{3932E45A-C914-42B2-8FBA-4730C4E6EA5D}.Release|Any CPU.Build.0 = Release|Any CPU
	EndGlobalSection
	GlobalSection(SolutionProperties) = preSolution
		HideSolutionNode = FALSE
	EndGlobalSection
	GlobalSection(ExtensibilityGlobals) = postSolution
		SolutionGuid = {FA491E58-9CF4-4812-AC45-654026404C1C}
	EndGlobalSection
EndGlobal
